
Microsoft Visual Studio Solution File, Format Version 12.00
# Visual Studio Version 17
VisualStudioVersion = 17.9.34616.47
MinimumVisualStudioVersion = 10.0.40219.1
Project("{FAE04EC0-301F-11D3-BF4B-00C04F79EFBC}") = "Lab3.3", "Lab3.3\Lab3.3.csproj", "{A458AE29-AB34-4151-83F4-141B33E19122}"
EndProject
Global
	GlobalSection(SolutionConfigurationPlatforms) = preSolution
		Debug|Any CPU = Debug|Any CPU
		Release|Any CPU = Release|Any CPU
	EndGlobalSection
	GlobalSection(ProjectConfigurationPlatforms) = postSolution
		{A458AE29-AB34-4151-83F4-141B33E19122}.Debug|Any CPU.ActiveCfg = Debug|Any CPU
		{A458AE29-AB34-4151-83F4-141B33E19122}.Debug|Any CPU.Build.0 = Debug|Any CPU
		{A458AE29-AB34-4151-83F4-141B33E19122}.Release|Any CPU.ActiveCfg = Release|Any CPU
		{A458AE29-AB34-4151-83F4-141B33E19122}.Release|Any CPU.Build.0 = Release|Any CPU
	EndGlobalSection
	GlobalSection(SolutionProperties) = preSolution
		HideSolutionNode = FALSE
	EndGlobalSection
	GlobalSection(ExtensibilityGlobals) = postSolution
		SolutionGuid = {7B41C904-299F-49EE-93E6-97925D1C81F8}
	EndGlobalSection
EndGlobal
