
Microsoft Visual Studio Solution File, Format Version 12.00
# Visual Studio Version 17
VisualStudioVersion = 17.10.34928.147
MinimumVisualStudioVersion = 10.0.40219.1
Project("{FAE04EC0-301F-11D3-BF4B-00C04F79EFBC}") = "Nvv.Lesson08CF", "Nvv.Lesson08CF\Nvv.Lesson08CF.csproj", "{FE2E7C5F-5C98-422F-B172-3D11DBB4BFD5}"
EndProject
Global
	GlobalSection(SolutionConfigurationPlatforms) = preSolution
		Debug|Any CPU = Debug|Any CPU
		Release|Any CPU = Release|Any CPU
	EndGlobalSection
	GlobalSection(ProjectConfigurationPlatforms) = postSolution
		{FE2E7C5F-5C98-422F-B172-3D11DBB4BFD5}.Debug|Any CPU.ActiveCfg = Debug|Any CPU
		{FE2E7C5F-5C98-422F-B172-3D11DBB4BFD5}.Debug|Any CPU.Build.0 = Debug|Any CPU
		{FE2E7C5F-5C98-422F-B172-3D11DBB4BFD5}.Release|Any CPU.ActiveCfg = Release|Any CPU
		{FE2E7C5F-5C98-422F-B172-3D11DBB4BFD5}.Release|Any CPU.Build.0 = Release|Any CPU
	EndGlobalSection
	GlobalSection(SolutionProperties) = preSolution
		HideSolutionNode = FALSE
	EndGlobalSection
	GlobalSection(ExtensibilityGlobals) = postSolution
		SolutionGuid = {BE2E90EB-2DF4-4BDF-BEB8-F56DAA482B87}
	EndGlobalSection
EndGlobal
