
Microsoft Visual Studio Solution File, Format Version 12.00
# Visual Studio Version 17
VisualStudioVersion = 17.9.34616.47
MinimumVisualStudioVersion = 10.0.40219.1
Project("{FAE04EC0-301F-11D3-BF4B-00C04F79EFBC}") = "Nvv.Lesson04", "Nvv.Lesson04\Nvv.Lesson04.csproj", "{8A45A1A6-74CF-41BE-90F3-BC3509C1C588}"
EndProject
Global
	GlobalSection(SolutionConfigurationPlatforms) = preSolution
		Debug|Any CPU = Debug|Any CPU
		Release|Any CPU = Release|Any CPU
	EndGlobalSection
	GlobalSection(ProjectConfigurationPlatforms) = postSolution
		{8A45A1A6-74CF-41BE-90F3-BC3509C1C588}.Debug|Any CPU.ActiveCfg = Debug|Any CPU
		{8A45A1A6-74CF-41BE-90F3-BC3509C1C588}.Debug|Any CPU.Build.0 = Debug|Any CPU
		{8A45A1A6-74CF-41BE-90F3-BC3509C1C588}.Release|Any CPU.ActiveCfg = Release|Any CPU
		{8A45A1A6-74CF-41BE-90F3-BC3509C1C588}.Release|Any CPU.Build.0 = Release|Any CPU
	EndGlobalSection
	GlobalSection(SolutionProperties) = preSolution
		HideSolutionNode = FALSE
	EndGlobalSection
	GlobalSection(ExtensibilityGlobals) = postSolution
		SolutionGuid = {C01EF3AF-B646-4D49-94FB-372BD940FCCF}
	EndGlobalSection
EndGlobal
