
Microsoft Visual Studio Solution File, Format Version 12.00
# Visual Studio Version 17
VisualStudioVersion = 17.9.34616.47
MinimumVisualStudioVersion = 10.0.40219.1
Project("{FAE04EC0-301F-11D3-BF4B-00C04F79EFBC}") = "NvvLab04", "NvvLab04\NvvLab04.csproj", "{853C0449-BC9D-4ED9-908A-E895F0AAEB74}"
EndProject
Project("{FAE04EC0-301F-11D3-BF4B-00C04F79EFBC}") = "NvvLab04_2", "NvvLab04_2\NvvLab04_2.csproj", "{F81DF168-3B91-4417-B150-4339933BC9B2}"
EndProject
Global
	GlobalSection(SolutionConfigurationPlatforms) = preSolution
		Debug|Any CPU = Debug|Any CPU
		Release|Any CPU = Release|Any CPU
	EndGlobalSection
	GlobalSection(ProjectConfigurationPlatforms) = postSolution
		{853C0449-BC9D-4ED9-908A-E895F0AAEB74}.Debug|Any CPU.ActiveCfg = Debug|Any CPU
		{853C0449-BC9D-4ED9-908A-E895F0AAEB74}.Debug|Any CPU.Build.0 = Debug|Any CPU
		{853C0449-BC9D-4ED9-908A-E895F0AAEB74}.Release|Any CPU.ActiveCfg = Release|Any CPU
		{853C0449-BC9D-4ED9-908A-E895F0AAEB74}.Release|Any CPU.Build.0 = Release|Any CPU
		{F81DF168-3B91-4417-B150-4339933BC9B2}.Debug|Any CPU.ActiveCfg = Debug|Any CPU
		{F81DF168-3B91-4417-B150-4339933BC9B2}.Debug|Any CPU.Build.0 = Debug|Any CPU
		{F81DF168-3B91-4417-B150-4339933BC9B2}.Release|Any CPU.ActiveCfg = Release|Any CPU
		{F81DF168-3B91-4417-B150-4339933BC9B2}.Release|Any CPU.Build.0 = Release|Any CPU
	EndGlobalSection
	GlobalSection(SolutionProperties) = preSolution
		HideSolutionNode = FALSE
	EndGlobalSection
	GlobalSection(ExtensibilityGlobals) = postSolution
		SolutionGuid = {B43B6BA5-CE60-4079-8F61-1FEE5FC312E1}
	EndGlobalSection
EndGlobal
